
Microsoft Visual Studio Solution File, Format Version 12.00
# Visual Studio 14
VisualStudioVersion = 14.0.25420.1
MinimumVisualStudioVersion = 10.0.40219.1
Project("{FAE04EC0-301F-11D3-BF4B-00C04F79EFBC}") = "ERPCore", "ERPTemplate1\ERPCore\ERPCore.csproj", "{33CC7672-826F-48B1-A9E6-1121DDBA82C4}"
EndProject
Project("{FAE04EC0-301F-11D3-BF4B-00C04F79EFBC}") = "ERPDomain", "ERPTemplate1\ERPDomain\ERPDomain.csproj", "{6758F859-E4D3-4262-8F13-12A582E0BCDF}"
EndProject
Project("{FAE04EC0-301F-11D3-BF4B-00C04F79EFBC}") = "Resources", "ERPTemplate1\Resources\Resources.csproj", "{8FC2B7F9-2253-4EA3-916A-C1309E086C4F}"
EndProject
Project("{2150E333-8FDC-42A3-9474-1A3956D46DE8}") = "packages", "packages", "{66ACAD2E-BA0B-4F85-8B08-9FE4FE84E837}"
EndProject
Project("{FAE04EC0-301F-11D3-BF4B-00C04F79EFBC}") = "PluginGL", "ERPTemplate1\ERPCore\Areas\PluginGL\PluginGL.csproj", "{E6A3D7A9-A180-4A12-81DB-FA6476846BB9}"
EndProject
Project("{FAE04EC0-301F-11D3-BF4B-00C04F79EFBC}") = "PluginAR", "ERPTemplate1\ERPCore\Areas\PluginAR\PluginAR.csproj", "{B13AA596-12E1-4C1D-B95B-721E33AFE25C}"
EndProject
Project("{FAE04EC0-301F-11D3-BF4B-00C04F79EFBC}") = "PluginAP", "ERPTemplate1\ERPCore\Areas\PluginAP\PluginAP.csproj", "{67A08D6A-8516-4884-B615-56D3C3E8CF33}"
EndProject
Global
	GlobalSection(SolutionConfigurationPlatforms) = preSolution
		Debug|Any CPU = Debug|Any CPU
		Release|Any CPU = Release|Any CPU
	EndGlobalSection
	GlobalSection(ProjectConfigurationPlatforms) = postSolution
		{33CC7672-826F-48B1-A9E6-1121DDBA82C4}.Debug|Any CPU.ActiveCfg = Debug|Any CPU
		{33CC7672-826F-48B1-A9E6-1121DDBA82C4}.Debug|Any CPU.Build.0 = Debug|Any CPU
		{33CC7672-826F-48B1-A9E6-1121DDBA82C4}.Release|Any CPU.ActiveCfg = Release|Any CPU
		{33CC7672-826F-48B1-A9E6-1121DDBA82C4}.Release|Any CPU.Build.0 = Release|Any CPU
		{6758F859-E4D3-4262-8F13-12A582E0BCDF}.Debug|Any CPU.ActiveCfg = Debug|Any CPU
		{6758F859-E4D3-4262-8F13-12A582E0BCDF}.Debug|Any CPU.Build.0 = Debug|Any CPU
		{6758F859-E4D3-4262-8F13-12A582E0BCDF}.Release|Any CPU.ActiveCfg = Release|Any CPU
		{6758F859-E4D3-4262-8F13-12A582E0BCDF}.Release|Any CPU.Build.0 = Release|Any CPU
		{8FC2B7F9-2253-4EA3-916A-C1309E086C4F}.Debug|Any CPU.ActiveCfg = Debug|Any CPU
		{8FC2B7F9-2253-4EA3-916A-C1309E086C4F}.Debug|Any CPU.Build.0 = Debug|Any CPU
		{8FC2B7F9-2253-4EA3-916A-C1309E086C4F}.Release|Any CPU.ActiveCfg = Release|Any CPU
		{8FC2B7F9-2253-4EA3-916A-C1309E086C4F}.Release|Any CPU.Build.0 = Release|Any CPU
		{E6A3D7A9-A180-4A12-81DB-FA6476846BB9}.Debug|Any CPU.ActiveCfg = Debug|Any CPU
		{E6A3D7A9-A180-4A12-81DB-FA6476846BB9}.Debug|Any CPU.Build.0 = Debug|Any CPU
		{E6A3D7A9-A180-4A12-81DB-FA6476846BB9}.Release|Any CPU.ActiveCfg = Release|Any CPU
		{E6A3D7A9-A180-4A12-81DB-FA6476846BB9}.Release|Any CPU.Build.0 = Release|Any CPU
		{B13AA596-12E1-4C1D-B95B-721E33AFE25C}.Debug|Any CPU.ActiveCfg = Debug|Any CPU
		{B13AA596-12E1-4C1D-B95B-721E33AFE25C}.Debug|Any CPU.Build.0 = Debug|Any CPU
		{B13AA596-12E1-4C1D-B95B-721E33AFE25C}.Release|Any CPU.ActiveCfg = Release|Any CPU
		{B13AA596-12E1-4C1D-B95B-721E33AFE25C}.Release|Any CPU.Build.0 = Release|Any CPU
		{67A08D6A-8516-4884-B615-56D3C3E8CF33}.Debug|Any CPU.ActiveCfg = Debug|Any CPU
		{67A08D6A-8516-4884-B615-56D3C3E8CF33}.Debug|Any CPU.Build.0 = Debug|Any CPU
		{67A08D6A-8516-4884-B615-56D3C3E8CF33}.Release|Any CPU.ActiveCfg = Release|Any CPU
		{67A08D6A-8516-4884-B615-56D3C3E8CF33}.Release|Any CPU.Build.0 = Release|Any CPU
	EndGlobalSection
	GlobalSection(SolutionProperties) = preSolution
		HideSolutionNode = FALSE
	EndGlobalSection
EndGlobal
